
Microsoft Visual Studio Solution File, Format Version 12.00
# Visual Studio Version 17
VisualStudioVersion = 17.11.35327.3
MinimumVisualStudioVersion = 10.0.40219.1
Project("{2150E333-8FDC-42A3-9474-1A3956D46DE8}") = "Src", "Src", "{01650D3E-8B49-4579-BCE9-766A361E4121}"
EndProject
Project("{2150E333-8FDC-42A3-9474-1A3956D46DE8}") = "Client", "Client", "{1CAD4CA7-1DDC-45AB-862A-26C22C34F796}"
EndProject
Project("{2150E333-8FDC-42A3-9474-1A3956D46DE8}") = "Common", "Common", "{3050DC1E-EAEF-4365-BF75-965A7CED717D}"
EndProject
Project("{2150E333-8FDC-42A3-9474-1A3956D46DE8}") = "Projections", "Projections", "{38E35C2B-36B0-423F-92C8-D5D2463B552F}"
EndProject
Project("{2150E333-8FDC-42A3-9474-1A3956D46DE8}") = "Api", "Api", "{0F89A71B-FC78-4611-9CD3-F71CDC93A0B4}"
EndProject
Project("{2150E333-8FDC-42A3-9474-1A3956D46DE8}") = "Core", "Core", "{4D526065-1372-4DF7-97F3-BADF8A2F4A06}"
EndProject
Project("{2150E333-8FDC-42A3-9474-1A3956D46DE8}") = "Infrastructure", "Infrastructure", "{65889279-681C-4D9E-BCA5-A24D8C37D7CF}"
EndProject
Project("{2150E333-8FDC-42A3-9474-1A3956D46DE8}") = "WebApi", "WebApi", "{1A6F52E8-043F-4478-A1BE-667BD9FEE228}"
EndProject
Project("{9A19103F-16F7-4668-BE54-9A1E7A4F7556}") = "HotelApi", "src\WepApi\WebApplication1\HotelApi.csproj", "{F42D3259-57F8-44A7-8886-9D1EEB905008}"
EndProject
Project("{9A19103F-16F7-4668-BE54-9A1E7A4F7556}") = "HotelVR.Common", "HotelVR.Common\HotelVR.Common.csproj", "{B706FA10-973E-4F85-AB22-B32AAD97380B}"
EndProject
Project("{9A19103F-16F7-4668-BE54-9A1E7A4F7556}") = "Application", "src\Core\Application\Application.csproj", "{28B835C9-8046-42C1-80C3-13B868F034CF}"
EndProject
Project("{9A19103F-16F7-4668-BE54-9A1E7A4F7556}") = "Domain", "src\Core\Domain\Domain.csproj", "{297FD6B1-A335-4EB5-BF22-64ABC886EED1}"
EndProject
Project("{9A19103F-16F7-4668-BE54-9A1E7A4F7556}") = "HotelRv.Infrastructure.Persistence", "src\Infrastructure\HotelVr.Infrastructure.Persistence\HotelRv.Infrastructure.Persistence.csproj", "{0FB31C76-B4FB-426E-BB4F-2A94B0C6DAA3}"
EndProject
Project("{9A19103F-16F7-4668-BE54-9A1E7A4F7556}") = "HotelVR.WebApp", "Client\HotelVR.WebApp\HotelVR.WebApp.csproj", "{65DACD7E-FE03-4E58-B01E-B2963F9E7C3E}"
EndProject
Global
	GlobalSection(SolutionConfigurationPlatforms) = preSolution
		Debug|Any CPU = Debug|Any CPU
		Release|Any CPU = Release|Any CPU
	EndGlobalSection
	GlobalSection(ProjectConfigurationPlatforms) = postSolution
		{F42D3259-57F8-44A7-8886-9D1EEB905008}.Debug|Any CPU.ActiveCfg = Debug|Any CPU
		{F42D3259-57F8-44A7-8886-9D1EEB905008}.Debug|Any CPU.Build.0 = Debug|Any CPU
		{F42D3259-57F8-44A7-8886-9D1EEB905008}.Release|Any CPU.ActiveCfg = Release|Any CPU
		{F42D3259-57F8-44A7-8886-9D1EEB905008}.Release|Any CPU.Build.0 = Release|Any CPU
		{B706FA10-973E-4F85-AB22-B32AAD97380B}.Debug|Any CPU.ActiveCfg = Debug|Any CPU
		{B706FA10-973E-4F85-AB22-B32AAD97380B}.Debug|Any CPU.Build.0 = Debug|Any CPU
		{B706FA10-973E-4F85-AB22-B32AAD97380B}.Release|Any CPU.ActiveCfg = Release|Any CPU
		{B706FA10-973E-4F85-AB22-B32AAD97380B}.Release|Any CPU.Build.0 = Release|Any CPU
		{28B835C9-8046-42C1-80C3-13B868F034CF}.Debug|Any CPU.ActiveCfg = Debug|Any CPU
		{28B835C9-8046-42C1-80C3-13B868F034CF}.Debug|Any CPU.Build.0 = Debug|Any CPU
		{28B835C9-8046-42C1-80C3-13B868F034CF}.Release|Any CPU.ActiveCfg = Release|Any CPU
		{28B835C9-8046-42C1-80C3-13B868F034CF}.Release|Any CPU.Build.0 = Release|Any CPU
		{297FD6B1-A335-4EB5-BF22-64ABC886EED1}.Debug|Any CPU.ActiveCfg = Debug|Any CPU
		{297FD6B1-A335-4EB5-BF22-64ABC886EED1}.Debug|Any CPU.Build.0 = Debug|Any CPU
		{297FD6B1-A335-4EB5-BF22-64ABC886EED1}.Release|Any CPU.ActiveCfg = Release|Any CPU
		{297FD6B1-A335-4EB5-BF22-64ABC886EED1}.Release|Any CPU.Build.0 = Release|Any CPU
		{0FB31C76-B4FB-426E-BB4F-2A94B0C6DAA3}.Debug|Any CPU.ActiveCfg = Debug|Any CPU
		{0FB31C76-B4FB-426E-BB4F-2A94B0C6DAA3}.Debug|Any CPU.Build.0 = Debug|Any CPU
		{0FB31C76-B4FB-426E-BB4F-2A94B0C6DAA3}.Release|Any CPU.ActiveCfg = Release|Any CPU
		{0FB31C76-B4FB-426E-BB4F-2A94B0C6DAA3}.Release|Any CPU.Build.0 = Release|Any CPU
		{65DACD7E-FE03-4E58-B01E-B2963F9E7C3E}.Debug|Any CPU.ActiveCfg = Debug|Any CPU
		{65DACD7E-FE03-4E58-B01E-B2963F9E7C3E}.Debug|Any CPU.Build.0 = Debug|Any CPU
		{65DACD7E-FE03-4E58-B01E-B2963F9E7C3E}.Release|Any CPU.ActiveCfg = Release|Any CPU
		{65DACD7E-FE03-4E58-B01E-B2963F9E7C3E}.Release|Any CPU.Build.0 = Release|Any CPU
	EndGlobalSection
	GlobalSection(SolutionProperties) = preSolution
		HideSolutionNode = FALSE
	EndGlobalSection
	GlobalSection(NestedProjects) = preSolution
		{1CAD4CA7-1DDC-45AB-862A-26C22C34F796} = {01650D3E-8B49-4579-BCE9-766A361E4121}
		{3050DC1E-EAEF-4365-BF75-965A7CED717D} = {01650D3E-8B49-4579-BCE9-766A361E4121}
		{38E35C2B-36B0-423F-92C8-D5D2463B552F} = {01650D3E-8B49-4579-BCE9-766A361E4121}
		{0F89A71B-FC78-4611-9CD3-F71CDC93A0B4} = {01650D3E-8B49-4579-BCE9-766A361E4121}
		{4D526065-1372-4DF7-97F3-BADF8A2F4A06} = {0F89A71B-FC78-4611-9CD3-F71CDC93A0B4}
		{65889279-681C-4D9E-BCA5-A24D8C37D7CF} = {0F89A71B-FC78-4611-9CD3-F71CDC93A0B4}
		{1A6F52E8-043F-4478-A1BE-667BD9FEE228} = {0F89A71B-FC78-4611-9CD3-F71CDC93A0B4}
		{F42D3259-57F8-44A7-8886-9D1EEB905008} = {1A6F52E8-043F-4478-A1BE-667BD9FEE228}
		{B706FA10-973E-4F85-AB22-B32AAD97380B} = {3050DC1E-EAEF-4365-BF75-965A7CED717D}
		{28B835C9-8046-42C1-80C3-13B868F034CF} = {4D526065-1372-4DF7-97F3-BADF8A2F4A06}
		{297FD6B1-A335-4EB5-BF22-64ABC886EED1} = {4D526065-1372-4DF7-97F3-BADF8A2F4A06}
		{0FB31C76-B4FB-426E-BB4F-2A94B0C6DAA3} = {65889279-681C-4D9E-BCA5-A24D8C37D7CF}
		{65DACD7E-FE03-4E58-B01E-B2963F9E7C3E} = {1CAD4CA7-1DDC-45AB-862A-26C22C34F796}
	EndGlobalSection
	GlobalSection(ExtensibilityGlobals) = postSolution
		SolutionGuid = {7F1BDFA6-2BBA-44E3-BA1C-CCEE56F209FC}
	EndGlobalSection
EndGlobal
